
Microsoft Visual Studio Solution File, Format Version 12.00
Project("{FAE04EC0-301F-11D3-BF4B-00C04F79EFBC}") = "AdventOfCode2023", "AdventOfCode2023\AdventOfCode2023.csproj", "{DBEBC39F-2D46-41B3-B9FA-89DB38D91F26}"
EndProject
Global
	GlobalSection(SolutionConfigurationPlatforms) = preSolution
		Debug|Any CPU = Debug|Any CPU
		Release|Any CPU = Release|Any CPU
	EndGlobalSection
	GlobalSection(ProjectConfigurationPlatforms) = postSolution
		{DBEBC39F-2D46-41B3-B9FA-89DB38D91F26}.Debug|Any CPU.ActiveCfg = Debug|Any CPU
		{DBEBC39F-2D46-41B3-B9FA-89DB38D91F26}.Debug|Any CPU.Build.0 = Debug|Any CPU
		{DBEBC39F-2D46-41B3-B9FA-89DB38D91F26}.Release|Any CPU.ActiveCfg = Release|Any CPU
		{DBEBC39F-2D46-41B3-B9FA-89DB38D91F26}.Release|Any CPU.Build.0 = Release|Any CPU
	EndGlobalSection
EndGlobal
